<?xml version="1.0" encoding="utf-8"?>
<Project ToolsVersion="4.0" xmlns="http://schemas.microsoft.com/developer/msbuild/2003">
  <ItemGroup>
    <Filter Include="Source Files">
      <UniqueIdentifier>{2450a9c7-a97a-49e1-ba19-c8dbc5a4e3e7}</UniqueIdentifier>
    </Filter>
    <Filter Include="Source Files\jansson">
      <UniqueIdentifier>{17b56151-79ec-4a32-bac3-9d94ae7f68fe}</UniqueIdentifier>
    </Filter>
    <Filter Include="Source Files\gettimeofday">
      <UniqueIdentifier>{c53ce808-c5c5-4c6c-99a2-3947090c62f1}</UniqueIdentifier>
    </Filter>
    <Filter Include="Source Files\getopt">
      <UniqueIdentifier>{5a45c1bf-81d2-4bc6-97b5-714e34f51a82}</UniqueIdentifier>
    </Filter>
    <Filter Include="Header Files">
      <UniqueIdentifier>{431cec61-9376-4de9-aae9-04c4250652e7}</UniqueIdentifier>
    </Filter>
    <Filter Include="Header Files\compat">
      <UniqueIdentifier>{cc8bb259-5332-4a45-ba81-f4840a55b604}</UniqueIdentifier>
    </Filter>
    <Filter Include="Header Files\compat\getopt">
      <UniqueIdentifier>{89362bd8-4690-4f0c-a4f7-6b2fa67a1f34}</UniqueIdentifier>
    </Filter>
    <Filter Include="Header Files\compat\sys">
      <UniqueIdentifier>{6c3cd392-b6b8-424c-87d2-10e33dbd4b41}</UniqueIdentifier>
    </Filter>
    <Filter Include="Source Files\CUDA">
      <UniqueIdentifier>{5a31b6f4-4943-4b22-b69a-230f3cc96269}</UniqueIdentifier>
    </Filter>
    <Filter Include="Header Files\CUDA">
      <UniqueIdentifier>{a0f072d0-a831-4c23-8d64-7a026521df9c}</UniqueIdentifier>
    </Filter>
    <Filter Include="Header Files\code">
      <UniqueIdentifier>{16a4344a-d523-41f3-b728-406f32fd9f8c}</UniqueIdentifier>
    </Filter>
    <Filter Include="Source Files\code">
      <UniqueIdentifier>{fe39ded0-754b-415f-a284-038a15a0aa55}</UniqueIdentifier>
    </Filter>
  </ItemGroup>
  <ItemGroup>
    <ClCompile Include="compat\jansson\dump.c">
      <Filter>Source Files\jansson</Filter>
    </ClCompile>
    <ClCompile Include="compat\jansson\hashtable.c">
      <Filter>Source Files\jansson</Filter>
    </ClCompile>
    <ClCompile Include="compat\jansson\load.c">
      <Filter>Source Files\jansson</Filter>
    </ClCompile>
    <ClCompile Include="compat\jansson\strbuffer.c">
      <Filter>Source Files\jansson</Filter>
    </ClCompile>
    <ClCompile Include="compat\jansson\utf.c">
      <Filter>Source Files\jansson</Filter>
    </ClCompile>
    <ClCompile Include="compat\jansson\value.c">
      <Filter>Source Files\jansson</Filter>
    </ClCompile>
    <ClCompile Include="compat\getopt\getopt_long.c">
      <Filter>Source Files\getopt</Filter>
    </ClCompile>
    <ClCompile Include="compat\gettimeofday.c">
      <Filter>Source Files\gettimeofday</Filter>
    </ClCompile>
    <ClCompile Include="util.c">
      <Filter>Source Files</Filter>
    </ClCompile>
    <ClCompile Include="sha2.c">
      <Filter>Source Files</Filter>
    </ClCompile>
    <ClCompile Include="cpu-miner.c">
      <Filter>Source Files</Filter>
    </ClCompile>
    <ClCompile Include="scrypt.cpp">
      <Filter>Source Files</Filter>
    </ClCompile>
    <ClCompile Include="scrypt-jane.cpp">
      <Filter>Source Files</Filter>
    </ClCompile>
    <ClCompile Include="maxcoin.cpp">
      <Filter>Source Files</Filter>
    </ClCompile>
    <ClCompile Include="sha3.cpp">
      <Filter>Source Files</Filter>
    </ClCompile>
  </ItemGroup>
  <ItemGroup>
    <ClInclude Include="compat.h">
      <Filter>Header Files</Filter>
    </ClInclude>
    <ClInclude Include="elist.h">
      <Filter>Header Files</Filter>
    </ClInclude>
    <ClInclude Include="miner.h">
      <Filter>Header Files</Filter>
    </ClInclude>
    <ClInclude Include="compat\sys\time.h">
      <Filter>Header Files\compat\sys</Filter>
    </ClInclude>
    <ClInclude Include="compat\unistd.h">
      <Filter>Header Files\compat</Filter>
    </ClInclude>
    <ClInclude Include="compat\inttypes.h">
      <Filter>Header Files\compat</Filter>
    </ClInclude>
    <ClInclude Include="compat\getopt\getopt.h">
      <Filter>Header Files\compat\getopt</Filter>
    </ClInclude>
    <ClInclude Include="compat\stdbool.h">
      <Filter>Header Files\compat</Filter>
    </ClInclude>
    <ClInclude Include="cpuminer-config.h">
      <Filter>Header Files</Filter>
    </ClInclude>
    <ClInclude Include="salsa_kernel.h">
      <Filter>Header Files\CUDA</Filter>
    </ClInclude>
    <ClInclude Include="titan_kernel.h">
      <Filter>Header Files\CUDA</Filter>
    </ClInclude>
    <ClInclude Include="fermi_kernel.h">
      <Filter>Header Files\CUDA</Filter>
    </ClInclude>
    <ClInclude Include="test_kernel.h">
      <Filter>Header Files\CUDA</Filter>
    </ClInclude>
    <ClInclude Include="kepler_kernel.h">
      <Filter>Header Files\CUDA</Filter>
    </ClInclude>
    <ClInclude Include="scrypt-jane.h">
      <Filter>Header Files</Filter>
    </ClInclude>
    <ClInclude Include="code\scrypt-conf.h">
      <Filter>Header Files\code</Filter>
    </ClInclude>
    <ClInclude Include="code\scrypt-jane-chacha.h">
      <Filter>Header Files\code</Filter>
    </ClInclude>
    <ClInclude Include="code\scrypt-jane-hash.h">
      <Filter>Header Files\code</Filter>
    </ClInclude>
    <ClInclude Include="code\scrypt-jane-hash_keccak.h">
      <Filter>Header Files\code</Filter>
    </ClInclude>
    <ClInclude Include="code\scrypt-jane-mix_chacha.h">
      <Filter>Header Files\code</Filter>
    </ClInclude>
    <ClInclude Include="code\scrypt-jane-pbkdf2.h">
      <Filter>Header Files\code</Filter>
    </ClInclude>
    <ClInclude Include="code\scrypt-jane-portable.h">
      <Filter>Header Files\code</Filter>
    </ClInclude>
    <ClInclude Include="code\scrypt-jane-portable-x86.h">
      <Filter>Header Files\code</Filter>
    </ClInclude>
    <ClInclude Include="code\scrypt-jane-romix.h">
      <Filter>Header Files\code</Filter>
    </ClInclude>
    <ClInclude Include="code\scrypt-jane-romix-basic.h">
      <Filter>Header Files\code</Filter>
    </ClInclude>
    <ClInclude Include="code\scrypt-jane-romix-template.h">
      <Filter>Header Files\code</Filter>
    </ClInclude>
    <ClInclude Include="code\scrypt-jane-test-vectors.h">
      <Filter>Header Files\code</Filter>
    </ClInclude>
    <ClInclude Include="nv_kernel.h">
      <Filter>Header Files\CUDA</Filter>
    </ClInclude>
    <ClInclude Include="nv_kernel2.h">
      <Filter>Header Files\CUDA</Filter>
    </ClInclude>
    <ClInclude Include="sha256.h">
      <Filter>Header Files\CUDA</Filter>
    </ClInclude>
    <ClInclude Include="keccak.h">
      <Filter>Header Files\CUDA</Filter>
    </ClInclude>
    <ClInclude Include="sha3.h">
      <Filter>Header Files</Filter>
    </ClInclude>
  </ItemGroup>
  <ItemGroup>
    <CudaCompile Include="titan_kernel.cu">
      <Filter>Source Files\CUDA</Filter>
    </CudaCompile>
    <CudaCompile Include="salsa_kernel.cu">
      <Filter>Source Files\CUDA</Filter>
    </CudaCompile>
    <CudaCompile Include="fermi_kernel.cu">
      <Filter>Source Files\CUDA</Filter>
    </CudaCompile>
    <CudaCompile Include="test_kernel.cu">
      <Filter>Source Files\CUDA</Filter>
    </CudaCompile>
    <CudaCompile Include="kepler_kernel.cu">
      <Filter>Source Files\CUDA</Filter>
    </CudaCompile>
    <CudaCompile Include="nv_kernel.cu">
      <Filter>Source Files\CUDA</Filter>
    </CudaCompile>
    <CudaCompile Include="nv_kernel2.cu">
      <Filter>Source Files\CUDA</Filter>
    </CudaCompile>
    <CudaCompile Include="sha256.cu">
      <Filter>Source Files\CUDA</Filter>
    </CudaCompile>
    <CudaCompile Include="keccak.cu">
      <Filter>Source Files\CUDA</Filter>
    </CudaCompile>
  </ItemGroup>
</Project>